// !$*UTF8*$!
{
	archiveVersion = 1;
	classes = {
	};
	objectVersion = 46;
	objects = {

/* Begin PBXBuildFile section */
		E936937F156A72F50042A072 /* NSString+PKUUID.h in Headers */ = {isa = PBXBuildFile; fileRef = E936937D156A72F50042A072 /* NSString+PKUUID.h */; };
		E9369380156A72F50042A072 /* NSString+PKUUID.m in Sources */ = {isa = PBXBuildFile; fileRef = E936937E156A72F50042A072 /* NSString+PKUUID.m */; };
		E93BAC4B14599D8E000FBC0D /* ZipFile.h in Headers */ = {isa = PBXBuildFile; fileRef = E93BAC3914599D8E000FBC0D /* ZipFile.h */; };
		E93BAC4C14599D8E000FBC0D /* ZipFile.m in Sources */ = {isa = PBXBuildFile; fileRef = E93BAC3A14599D8E000FBC0D /* ZipFile.m */; };
		E93BAC4E14599D8E000FBC0D /* ZipWriteStream.h in Headers */ = {isa = PBXBuildFile; fileRef = E93BAC3B14599D8E000FBC0D /* ZipWriteStream.h */; };
		E93BAC4F14599D8E000FBC0D /* ZipWriteStream.m in Sources */ = {isa = PBXBuildFile; fileRef = E93BAC3C14599D8E000FBC0D /* ZipWriteStream.m */; };
		E93BAC5114599D8E000FBC0D /* ZipFileInfo.h in Headers */ = {isa = PBXBuildFile; fileRef = E93BAC3D14599D8E000FBC0D /* ZipFileInfo.h */; };
		E93BAC5214599D8E000FBC0D /* ZipFileInfo.m in Sources */ = {isa = PBXBuildFile; fileRef = E93BAC3E14599D8E000FBC0D /* ZipFileInfo.m */; };
		E93BAC5414599D8E000FBC0D /* ZipReadStream.h in Headers */ = {isa = PBXBuildFile; fileRef = E93BAC3F14599D8E000FBC0D /* ZipReadStream.h */; };
		E93BAC5514599D8E000FBC0D /* ZipReadStream.m in Sources */ = {isa = PBXBuildFile; fileRef = E93BAC4014599D8E000FBC0D /* ZipReadStream.m */; };
		E93BAC5714599D8E000FBC0D /* Objective-Zip.h in Headers */ = {isa = PBXBuildFile; fileRef = E93BAC4114599D8E000FBC0D /* Objective-Zip.h */; };
		E93BAC5814599D8E000FBC0D /* crypt.h in Headers */ = {isa = PBXBuildFile; fileRef = E93BAC4214599D8E000FBC0D /* crypt.h */; };
		E93BAC5914599D8E000FBC0D /* ioapi.c in Sources */ = {isa = PBXBuildFile; fileRef = E93BAC4314599D8E000FBC0D /* ioapi.c */; };
		E93BAC5B14599D8E000FBC0D /* ioapi.h in Headers */ = {isa = PBXBuildFile; fileRef = E93BAC4414599D8E000FBC0D /* ioapi.h */; };
		E93BAC5C14599D8E000FBC0D /* mztools.c in Sources */ = {isa = PBXBuildFile; fileRef = E93BAC4514599D8E000FBC0D /* mztools.c */; };
		E93BAC5E14599D8E000FBC0D /* mztools.h in Headers */ = {isa = PBXBuildFile; fileRef = E93BAC4614599D8E000FBC0D /* mztools.h */; };
		E93BAC5F14599D8E000FBC0D /* unzip.c in Sources */ = {isa = PBXBuildFile; fileRef = E93BAC4714599D8E000FBC0D /* unzip.c */; };
		E93BAC6114599D8E000FBC0D /* unzip.h in Headers */ = {isa = PBXBuildFile; fileRef = E93BAC4814599D8E000FBC0D /* unzip.h */; };
		E93BAC6214599D8E000FBC0D /* zip.c in Sources */ = {isa = PBXBuildFile; fileRef = E93BAC4914599D8E000FBC0D /* zip.c */; };
		E93BAC6414599D8E000FBC0D /* zip.h in Headers */ = {isa = PBXBuildFile; fileRef = E93BAC4A14599D8E000FBC0D /* zip.h */; };
		E93BAC6714599DEF000FBC0D /* UIDevice-Hardware.m in Sources */ = {isa = PBXBuildFile; fileRef = E93BAC6614599DEF000FBC0D /* UIDevice-Hardware.m */; };
		E93BAC6A14599E2A000FBC0D /* UIDevice-Hardware.h in Headers */ = {isa = PBXBuildFile; fileRef = E93BAC6914599E2A000FBC0D /* UIDevice-Hardware.h */; };
		E93BAC761459A083000FBC0D /* PKToolboxTests-Prefix.pch in Headers */ = {isa = PBXBuildFile; fileRef = E93BAC751459A083000FBC0D /* PKToolboxTests-Prefix.pch */; };
		E93BAC7A1459A3F4000FBC0D /* OCHamcrestIOS.framework in Frameworks */ = {isa = PBXBuildFile; fileRef = E93BAC791459A3F4000FBC0D /* OCHamcrestIOS.framework */; };
		E93BAC811459AB0B000FBC0D /* NSString+PKMD5Test.m in Sources */ = {isa = PBXBuildFile; fileRef = E93BAC7E1459AB0B000FBC0D /* NSString+PKMD5Test.m */; };
		E93BAC821459AB0B000FBC0D /* UIDevice+PKUniqueIdentifier.m in Sources */ = {isa = PBXBuildFile; fileRef = E93BAC801459AB0B000FBC0D /* UIDevice+PKUniqueIdentifier.m */; };
		E9470F8D1459971200E02867 /* Foundation.framework in Frameworks */ = {isa = PBXBuildFile; fileRef = E9470F8C1459971200E02867 /* Foundation.framework */; };
		E9470F9B1459971200E02867 /* SenTestingKit.framework in Frameworks */ = {isa = PBXBuildFile; fileRef = E9470F9A1459971200E02867 /* SenTestingKit.framework */; };
		E9470F9E1459971200E02867 /* Foundation.framework in Frameworks */ = {isa = PBXBuildFile; fileRef = E9470F8C1459971200E02867 /* Foundation.framework */; };
		E9470FA71459971200E02867 /* InfoPlist.strings in Resources */ = {isa = PBXBuildFile; fileRef = E9470FA51459971200E02867 /* InfoPlist.strings */; };
		E9470FC9145997DD00E02867 /* NSString+PKMD5.h in Headers */ = {isa = PBXBuildFile; fileRef = E9470FB9145997DD00E02867 /* NSString+PKMD5.h */; };
		E9470FCA145997DD00E02867 /* NSString+PKMD5.m in Sources */ = {isa = PBXBuildFile; fileRef = E9470FBA145997DD00E02867 /* NSString+PKMD5.m */; };
		E9470FCC145997DD00E02867 /* PKZipUnarchiver.h in Headers */ = {isa = PBXBuildFile; fileRef = E9470FBB145997DD00E02867 /* PKZipUnarchiver.h */; };
		E9470FCD145997DD00E02867 /* PKZipUnarchiver.m in Sources */ = {isa = PBXBuildFile; fileRef = E9470FBC145997DD00E02867 /* PKZipUnarchiver.m */; };
		E9470FD1145997DD00E02867 /* PKMultiButtonBarButtonItem.h in Headers */ = {isa = PBXBuildFile; fileRef = E9470FBF145997DD00E02867 /* PKMultiButtonBarButtonItem.h */; };
		E9470FD2145997DD00E02867 /* PKMultiButtonBarButtonItem.m in Sources */ = {isa = PBXBuildFile; fileRef = E9470FC0145997DD00E02867 /* PKMultiButtonBarButtonItem.m */; };
		E9470FD4145997DD00E02867 /* PKNavigationItem.h in Headers */ = {isa = PBXBuildFile; fileRef = E9470FC1145997DD00E02867 /* PKNavigationItem.h */; };
		E9470FD5145997DD00E02867 /* PKNavigationItem.m in Sources */ = {isa = PBXBuildFile; fileRef = E9470FC2145997DD00E02867 /* PKNavigationItem.m */; };
		E9470FD7145997DD00E02867 /* PKTextFieldTableViewCell.h in Headers */ = {isa = PBXBuildFile; fileRef = E9470FC3145997DD00E02867 /* PKTextFieldTableViewCell.h */; };
		E9470FD8145997DD00E02867 /* PKTextFieldTableViewCell.m in Sources */ = {isa = PBXBuildFile; fileRef = E9470FC4145997DD00E02867 /* PKTextFieldTableViewCell.m */; };
		E9470FDA145997DD00E02867 /* PKWebBrowserController.h in Headers */ = {isa = PBXBuildFile; fileRef = E9470FC5145997DD00E02867 /* PKWebBrowserController.h */; };
		E9470FDB145997DD00E02867 /* PKWebBrowserController.m in Sources */ = {isa = PBXBuildFile; fileRef = E9470FC6145997DD00E02867 /* PKWebBrowserController.m */; };
		E9470FDD145997DD00E02867 /* UIDevice+PKUniqueIdentifier.h in Headers */ = {isa = PBXBuildFile; fileRef = E9470FC7145997DD00E02867 /* UIDevice+PKUniqueIdentifier.h */; settings = {ATTRIBUTES = (Public, ); }; };
		E9470FDE145997DD00E02867 /* UIDevice+PKUniqueIdentifier.m in Sources */ = {isa = PBXBuildFile; fileRef = E9470FC8145997DD00E02867 /* UIDevice+PKUniqueIdentifier.m */; };
		E9470FE11459994500E02867 /* UIKit.framework in Frameworks */ = {isa = PBXBuildFile; fileRef = E9470FE01459994500E02867 /* UIKit.framework */; };
		E9520D5E1459AC9700BFA0F7 /* NSString+PKMD5.m in Sources */ = {isa = PBXBuildFile; fileRef = E9470FBA145997DD00E02867 /* NSString+PKMD5.m */; };
		E9520D641459AC9700BFA0F7 /* UIDevice+PKUniqueIdentifier.m in Sources */ = {isa = PBXBuildFile; fileRef = E9470FC8145997DD00E02867 /* UIDevice+PKUniqueIdentifier.m */; };
		E9520D661459ACF600BFA0F7 /* UIDevice-Hardware.m in Sources */ = {isa = PBXBuildFile; fileRef = E93BAC6614599DEF000FBC0D /* UIDevice-Hardware.m */; };
		E9520D6B1459AD0C00BFA0F7 /* ioapi.c in Sources */ = {isa = PBXBuildFile; fileRef = E93BAC4314599D8E000FBC0D /* ioapi.c */; };
		E9520D6C1459AD0C00BFA0F7 /* mztools.c in Sources */ = {isa = PBXBuildFile; fileRef = E93BAC4514599D8E000FBC0D /* mztools.c */; };
		E9520D6D1459AD0C00BFA0F7 /* unzip.c in Sources */ = {isa = PBXBuildFile; fileRef = E93BAC4714599D8E000FBC0D /* unzip.c */; };
		E9520D6E1459AD0C00BFA0F7 /* zip.c in Sources */ = {isa = PBXBuildFile; fileRef = E93BAC4914599D8E000FBC0D /* zip.c */; };
		E9520D6F1459AD1900BFA0F7 /* libPKToolbox.a in Frameworks */ = {isa = PBXBuildFile; fileRef = E9470F891459971200E02867 /* libPKToolbox.a */; };
		E9520D701459ADFE00BFA0F7 /* UIKit.framework in Frameworks */ = {isa = PBXBuildFile; fileRef = E9470FE01459994500E02867 /* UIKit.framework */; };
		E9520D721459AE7C00BFA0F7 /* libz.dylib in Frameworks */ = {isa = PBXBuildFile; fileRef = E9520D711459AE7C00BFA0F7 /* libz.dylib */; };
		E9520D731459AE9500BFA0F7 /* libz.dylib in Frameworks */ = {isa = PBXBuildFile; fileRef = E9520D711459AE7C00BFA0F7 /* libz.dylib */; };
		E96B5154149B8F6A003D0AEA /* NSDate+PKStandardFormats.h in Headers */ = {isa = PBXBuildFile; fileRef = E96B5150149B8F6A003D0AEA /* NSDate+PKStandardFormats.h */; settings = {ATTRIBUTES = (Public, ); }; };
		E96B5155149B8F6A003D0AEA /* NSDate+PKStandardFormats.m in Sources */ = {isa = PBXBuildFile; fileRef = E96B5151149B8F6A003D0AEA /* NSDate+PKStandardFormats.m */; };
		E96B5156149B8F6A003D0AEA /* NSDate+PKStandardFormats.m in Sources */ = {isa = PBXBuildFile; fileRef = E96B5151149B8F6A003D0AEA /* NSDate+PKStandardFormats.m */; };
		E96B5157149B8F6A003D0AEA /* NSDateFormatter+PKStandardFormats.h in Headers */ = {isa = PBXBuildFile; fileRef = E96B5152149B8F6A003D0AEA /* NSDateFormatter+PKStandardFormats.h */; };
		E96B5158149B8F6A003D0AEA /* NSDateFormatter+PKStandardFormats.m in Sources */ = {isa = PBXBuildFile; fileRef = E96B5153149B8F6A003D0AEA /* NSDateFormatter+PKStandardFormats.m */; };
		E96B5159149B8F6A003D0AEA /* NSDateFormatter+PKStandardFormats.m in Sources */ = {isa = PBXBuildFile; fileRef = E96B5153149B8F6A003D0AEA /* NSDateFormatter+PKStandardFormats.m */; };
		E9850D45145AB561001F7074 /* NSString+PKCopyDirectoryTest.m in Sources */ = {isa = PBXBuildFile; fileRef = E9850D44145AB561001F7074 /* NSString+PKCopyDirectoryTest.m */; };
		E9850D49145AB579001F7074 /* NSFileManager+PKCopyDirectory.m in Sources */ = {isa = PBXBuildFile; fileRef = E9850D47145AB579001F7074 /* NSFileManager+PKCopyDirectory.m */; };
		E9850D4A145AB579001F7074 /* NSFileManager+PKCopyDirectory.m in Sources */ = {isa = PBXBuildFile; fileRef = E9850D47145AB579001F7074 /* NSFileManager+PKCopyDirectory.m */; };
		E9850D4B145AB579001F7074 /* NSFileManager+PKCopyDirectory.h in Headers */ = {isa = PBXBuildFile; fileRef = E9850D48145AB579001F7074 /* NSFileManager+PKCopyDirectory.h */; };
		E9850D4D145ABD28001F7074 /* Fixtures in Resources */ = {isa = PBXBuildFile; fileRef = E9850D4C145ABD28001F7074 /* Fixtures */; };
/* End PBXBuildFile section */

/* Begin PBXContainerItemProxy section */
		E9470F9F1459971200E02867 /* PBXContainerItemProxy */ = {
			isa = PBXContainerItemProxy;
			containerPortal = E9470F801459971200E02867 /* Project object */;
			proxyType = 1;
			remoteGlobalIDString = E9470F881459971200E02867;
			remoteInfo = PKToolbox;
		};
/* End PBXContainerItemProxy section */

/* Begin PBXFileReference section */
		E936937D156A72F50042A072 /* NSString+PKUUID.h */ = {isa = PBXFileReference; fileEncoding = 4; lastKnownFileType = sourcecode.c.h; path = "NSString+PKUUID.h"; sourceTree = "<group>"; };
		E936937E156A72F50042A072 /* NSString+PKUUID.m */ = {isa = PBXFileReference; fileEncoding = 4; lastKnownFileType = sourcecode.c.objc; path = "NSString+PKUUID.m"; sourceTree = "<group>"; };
		E93BAC3914599D8E000FBC0D /* ZipFile.h */ = {isa = PBXFileReference; fileEncoding = 4; lastKnownFileType = sourcecode.c.h; name = ZipFile.h; path = "Objective-Zip/ZipFile.h"; sourceTree = "<group>"; };
		E93BAC3A14599D8E000FBC0D /* ZipFile.m */ = {isa = PBXFileReference; fileEncoding = 4; lastKnownFileType = sourcecode.c.objc; name = ZipFile.m; path = "Objective-Zip/ZipFile.m"; sourceTree = "<group>"; };
		E93BAC3B14599D8E000FBC0D /* ZipWriteStream.h */ = {isa = PBXFileReference; fileEncoding = 4; lastKnownFileType = sourcecode.c.h; name = ZipWriteStream.h; path = "Objective-Zip/ZipWriteStream.h"; sourceTree = "<group>"; };
		E93BAC3C14599D8E000FBC0D /* ZipWriteStream.m */ = {isa = PBXFileReference; fileEncoding = 4; lastKnownFileType = sourcecode.c.objc; name = ZipWriteStream.m; path = "Objective-Zip/ZipWriteStream.m"; sourceTree = "<group>"; };
		E93BAC3D14599D8E000FBC0D /* ZipFileInfo.h */ = {isa = PBXFileReference; fileEncoding = 4; lastKnownFileType = sourcecode.c.h; name = ZipFileInfo.h; path = "Objective-Zip/ZipFileInfo.h"; sourceTree = "<group>"; };
		E93BAC3E14599D8E000FBC0D /* ZipFileInfo.m */ = {isa = PBXFileReference; fileEncoding = 4; lastKnownFileType = sourcecode.c.objc; name = ZipFileInfo.m; path = "Objective-Zip/ZipFileInfo.m"; sourceTree = "<group>"; };
		E93BAC3F14599D8E000FBC0D /* ZipReadStream.h */ = {isa = PBXFileReference; fileEncoding = 4; lastKnownFileType = sourcecode.c.h; name = ZipReadStream.h; path = "Objective-Zip/ZipReadStream.h"; sourceTree = "<group>"; };
		E93BAC4014599D8E000FBC0D /* ZipReadStream.m */ = {isa = PBXFileReference; fileEncoding = 4; lastKnownFileType = sourcecode.c.objc; name = ZipReadStream.m; path = "Objective-Zip/ZipReadStream.m"; sourceTree = "<group>"; };
		E93BAC4114599D8E000FBC0D /* Objective-Zip.h */ = {isa = PBXFileReference; fileEncoding = 4; lastKnownFileType = sourcecode.c.h; path = "Objective-Zip.h"; sourceTree = "<group>"; };
		E93BAC4214599D8E000FBC0D /* crypt.h */ = {isa = PBXFileReference; fileEncoding = 4; lastKnownFileType = sourcecode.c.h; name = crypt.h; path = MiniZip/crypt.h; sourceTree = "<group>"; };
		E93BAC4314599D8E000FBC0D /* ioapi.c */ = {isa = PBXFileReference; fileEncoding = 4; lastKnownFileType = sourcecode.c.c; name = ioapi.c; path = MiniZip/ioapi.c; sourceTree = "<group>"; };
		E93BAC4414599D8E000FBC0D /* ioapi.h */ = {isa = PBXFileReference; fileEncoding = 4; lastKnownFileType = sourcecode.c.h; name = ioapi.h; path = MiniZip/ioapi.h; sourceTree = "<group>"; };
		E93BAC4514599D8E000FBC0D /* mztools.c */ = {isa = PBXFileReference; fileEncoding = 4; lastKnownFileType = sourcecode.c.c; name = mztools.c; path = MiniZip/mztools.c; sourceTree = "<group>"; };
		E93BAC4614599D8E000FBC0D /* mztools.h */ = {isa = PBXFileReference; fileEncoding = 4; lastKnownFileType = sourcecode.c.h; name = mztools.h; path = MiniZip/mztools.h; sourceTree = "<group>"; };
		E93BAC4714599D8E000FBC0D /* unzip.c */ = {isa = PBXFileReference; fileEncoding = 4; lastKnownFileType = sourcecode.c.c; name = unzip.c; path = MiniZip/unzip.c; sourceTree = "<group>"; };
		E93BAC4814599D8E000FBC0D /* unzip.h */ = {isa = PBXFileReference; fileEncoding = 4; lastKnownFileType = sourcecode.c.h; name = unzip.h; path = MiniZip/unzip.h; sourceTree = "<group>"; };
		E93BAC4914599D8E000FBC0D /* zip.c */ = {isa = PBXFileReference; fileEncoding = 4; lastKnownFileType = sourcecode.c.c; name = zip.c; path = MiniZip/zip.c; sourceTree = "<group>"; };
		E93BAC4A14599D8E000FBC0D /* zip.h */ = {isa = PBXFileReference; fileEncoding = 4; lastKnownFileType = sourcecode.c.h; name = zip.h; path = MiniZip/zip.h; sourceTree = "<group>"; };
		E93BAC6614599DEF000FBC0D /* UIDevice-Hardware.m */ = {isa = PBXFileReference; fileEncoding = 4; lastKnownFileType = sourcecode.c.objc; name = "UIDevice-Hardware.m"; path = "Dependencies/uidevice-extension/UIDevice-Hardware.m"; sourceTree = "<group>"; };
		E93BAC6914599E2A000FBC0D /* UIDevice-Hardware.h */ = {isa = PBXFileReference; fileEncoding = 4; lastKnownFileType = sourcecode.c.h; name = "UIDevice-Hardware.h"; path = "Dependencies/uidevice-extension/UIDevice-Hardware.h"; sourceTree = "<group>"; };
		E93BAC751459A083000FBC0D /* PKToolboxTests-Prefix.pch */ = {isa = PBXFileReference; fileEncoding = 4; lastKnownFileType = sourcecode.c.h; path = "PKToolboxTests-Prefix.pch"; sourceTree = "<group>"; };
		E93BAC791459A3F4000FBC0D /* OCHamcrestIOS.framework */ = {isa = PBXFileReference; lastKnownFileType = wrapper.framework; name = OCHamcrestIOS.framework; path = PKToolboxTests/Vendor/OCHamcrestIOS.framework; sourceTree = "<group>"; };
		E93BAC7E1459AB0B000FBC0D /* NSString+PKMD5Test.m */ = {isa = PBXFileReference; fileEncoding = 4; lastKnownFileType = sourcecode.c.objc; path = "NSString+PKMD5Test.m"; sourceTree = "<group>"; };
		E93BAC801459AB0B000FBC0D /* UIDevice+PKUniqueIdentifier.m */ = {isa = PBXFileReference; fileEncoding = 4; lastKnownFileType = sourcecode.c.objc; path = "UIDevice+PKUniqueIdentifier.m"; sourceTree = "<group>"; };
		E9470F891459971200E02867 /* libPKToolbox.a */ = {isa = PBXFileReference; explicitFileType = archive.ar; includeInIndex = 0; path = libPKToolbox.a; sourceTree = BUILT_PRODUCTS_DIR; };
		E9470F8C1459971200E02867 /* Foundation.framework */ = {isa = PBXFileReference; lastKnownFileType = wrapper.framework; name = Foundation.framework; path = System/Library/Frameworks/Foundation.framework; sourceTree = SDKROOT; };
		E9470F901459971200E02867 /* PKToolbox-Prefix.pch */ = {isa = PBXFileReference; lastKnownFileType = sourcecode.c.h; path = "PKToolbox-Prefix.pch"; sourceTree = "<group>"; };
		E9470F991459971200E02867 /* PKToolboxTests.octest */ = {isa = PBXFileReference; explicitFileType = wrapper.cfbundle; includeInIndex = 0; path = PKToolboxTests.octest; sourceTree = BUILT_PRODUCTS_DIR; };
		E9470F9A1459971200E02867 /* SenTestingKit.framework */ = {isa = PBXFileReference; lastKnownFileType = wrapper.framework; name = SenTestingKit.framework; path = Library/Frameworks/SenTestingKit.framework; sourceTree = DEVELOPER_DIR; };
		E9470FA41459971200E02867 /* PKToolboxTests-Info.plist */ = {isa = PBXFileReference; lastKnownFileType = text.plist.xml; path = "PKToolboxTests-Info.plist"; sourceTree = "<group>"; };
		E9470FA61459971200E02867 /* en */ = {isa = PBXFileReference; lastKnownFileType = text.plist.strings; name = en; path = en.lproj/InfoPlist.strings; sourceTree = "<group>"; };
		E9470FB9145997DD00E02867 /* NSString+PKMD5.h */ = {isa = PBXFileReference; fileEncoding = 4; lastKnownFileType = sourcecode.c.h; path = "NSString+PKMD5.h"; sourceTree = "<group>"; };
		E9470FBA145997DD00E02867 /* NSString+PKMD5.m */ = {isa = PBXFileReference; fileEncoding = 4; lastKnownFileType = sourcecode.c.objc; path = "NSString+PKMD5.m"; sourceTree = "<group>"; };
		E9470FBB145997DD00E02867 /* PKZipUnarchiver.h */ = {isa = PBXFileReference; fileEncoding = 4; lastKnownFileType = sourcecode.c.h; path = PKZipUnarchiver.h; sourceTree = "<group>"; };
		E9470FBC145997DD00E02867 /* PKZipUnarchiver.m */ = {isa = PBXFileReference; fileEncoding = 4; lastKnownFileType = sourcecode.c.objc; path = PKZipUnarchiver.m; sourceTree = "<group>"; };
		E9470FBF145997DD00E02867 /* PKMultiButtonBarButtonItem.h */ = {isa = PBXFileReference; fileEncoding = 4; lastKnownFileType = sourcecode.c.h; path = PKMultiButtonBarButtonItem.h; sourceTree = "<group>"; };
		E9470FC0145997DD00E02867 /* PKMultiButtonBarButtonItem.m */ = {isa = PBXFileReference; fileEncoding = 4; lastKnownFileType = sourcecode.c.objc; path = PKMultiButtonBarButtonItem.m; sourceTree = "<group>"; };
		E9470FC1145997DD00E02867 /* PKNavigationItem.h */ = {isa = PBXFileReference; fileEncoding = 4; lastKnownFileType = sourcecode.c.h; path = PKNavigationItem.h; sourceTree = "<group>"; };
		E9470FC2145997DD00E02867 /* PKNavigationItem.m */ = {isa = PBXFileReference; fileEncoding = 4; lastKnownFileType = sourcecode.c.objc; path = PKNavigationItem.m; sourceTree = "<group>"; };
		E9470FC3145997DD00E02867 /* PKTextFieldTableViewCell.h */ = {isa = PBXFileReference; fileEncoding = 4; lastKnownFileType = sourcecode.c.h; path = PKTextFieldTableViewCell.h; sourceTree = "<group>"; };
		E9470FC4145997DD00E02867 /* PKTextFieldTableViewCell.m */ = {isa = PBXFileReference; fileEncoding = 4; lastKnownFileType = sourcecode.c.objc; path = PKTextFieldTableViewCell.m; sourceTree = "<group>"; };
		E9470FC5145997DD00E02867 /* PKWebBrowserController.h */ = {isa = PBXFileReference; fileEncoding = 4; lastKnownFileType = sourcecode.c.h; path = PKWebBrowserController.h; sourceTree = "<group>"; };
		E9470FC6145997DD00E02867 /* PKWebBrowserController.m */ = {isa = PBXFileReference; fileEncoding = 4; lastKnownFileType = sourcecode.c.objc; path = PKWebBrowserController.m; sourceTree = "<group>"; };
		E9470FC7145997DD00E02867 /* UIDevice+PKUniqueIdentifier.h */ = {isa = PBXFileReference; fileEncoding = 4; lastKnownFileType = sourcecode.c.h; path = "UIDevice+PKUniqueIdentifier.h"; sourceTree = "<group>"; };
		E9470FC8145997DD00E02867 /* UIDevice+PKUniqueIdentifier.m */ = {isa = PBXFileReference; fileEncoding = 4; lastKnownFileType = sourcecode.c.objc; path = "UIDevice+PKUniqueIdentifier.m"; sourceTree = "<group>"; };
		E9470FE01459994500E02867 /* UIKit.framework */ = {isa = PBXFileReference; lastKnownFileType = wrapper.framework; name = UIKit.framework; path = System/Library/Frameworks/UIKit.framework; sourceTree = SDKROOT; };
		E9520D711459AE7C00BFA0F7 /* libz.dylib */ = {isa = PBXFileReference; lastKnownFileType = "compiled.mach-o.dylib"; name = libz.dylib; path = usr/lib/libz.dylib; sourceTree = SDKROOT; };
		E96B5150149B8F6A003D0AEA /* NSDate+PKStandardFormats.h */ = {isa = PBXFileReference; fileEncoding = 4; lastKnownFileType = sourcecode.c.h; path = "NSDate+PKStandardFormats.h"; sourceTree = "<group>"; };
		E96B5151149B8F6A003D0AEA /* NSDate+PKStandardFormats.m */ = {isa = PBXFileReference; fileEncoding = 4; lastKnownFileType = sourcecode.c.objc; path = "NSDate+PKStandardFormats.m"; sourceTree = "<group>"; };
		E96B5152149B8F6A003D0AEA /* NSDateFormatter+PKStandardFormats.h */ = {isa = PBXFileReference; fileEncoding = 4; lastKnownFileType = sourcecode.c.h; path = "NSDateFormatter+PKStandardFormats.h"; sourceTree = "<group>"; };
		E96B5153149B8F6A003D0AEA /* NSDateFormatter+PKStandardFormats.m */ = {isa = PBXFileReference; fileEncoding = 4; lastKnownFileType = sourcecode.c.objc; path = "NSDateFormatter+PKStandardFormats.m"; sourceTree = "<group>"; };
		E9850D44145AB561001F7074 /* NSString+PKCopyDirectoryTest.m */ = {isa = PBXFileReference; fileEncoding = 4; lastKnownFileType = sourcecode.c.objc; path = "NSString+PKCopyDirectoryTest.m"; sourceTree = "<group>"; };
		E9850D47145AB579001F7074 /* NSFileManager+PKCopyDirectory.m */ = {isa = PBXFileReference; fileEncoding = 4; lastKnownFileType = sourcecode.c.objc; path = "NSFileManager+PKCopyDirectory.m"; sourceTree = "<group>"; };
		E9850D48145AB579001F7074 /* NSFileManager+PKCopyDirectory.h */ = {isa = PBXFileReference; fileEncoding = 4; lastKnownFileType = sourcecode.c.h; path = "NSFileManager+PKCopyDirectory.h"; sourceTree = "<group>"; };
		E9850D4C145ABD28001F7074 /* Fixtures */ = {isa = PBXFileReference; lastKnownFileType = folder; path = Fixtures; sourceTree = "<group>"; };
/* End PBXFileReference section */

/* Begin PBXFrameworksBuildPhase section */
		E9470F861459971200E02867 /* Frameworks */ = {
			isa = PBXFrameworksBuildPhase;
			buildActionMask = 2147483647;
			files = (
				E9520D721459AE7C00BFA0F7 /* libz.dylib in Frameworks */,
				E9470FE11459994500E02867 /* UIKit.framework in Frameworks */,
				E9470F8D1459971200E02867 /* Foundation.framework in Frameworks */,
			);
			runOnlyForDeploymentPostprocessing = 0;
		};
		E9470F951459971200E02867 /* Frameworks */ = {
			isa = PBXFrameworksBuildPhase;
			buildActionMask = 2147483647;
			files = (
				E9520D731459AE9500BFA0F7 /* libz.dylib in Frameworks */,
				E9520D701459ADFE00BFA0F7 /* UIKit.framework in Frameworks */,
				E9520D6F1459AD1900BFA0F7 /* libPKToolbox.a in Frameworks */,
				E93BAC7A1459A3F4000FBC0D /* OCHamcrestIOS.framework in Frameworks */,
				E9470F9B1459971200E02867 /* SenTestingKit.framework in Frameworks */,
				E9470F9E1459971200E02867 /* Foundation.framework in Frameworks */,
			);
			runOnlyForDeploymentPostprocessing = 0;
		};
/* End PBXFrameworksBuildPhase section */

/* Begin PBXGroup section */
		E93BAC3714599D8E000FBC0D /* Objective-Zip */ = {
			isa = PBXGroup;
			children = (
				E93BAC3914599D8E000FBC0D /* ZipFile.h */,
				E93BAC3A14599D8E000FBC0D /* ZipFile.m */,
				E93BAC3B14599D8E000FBC0D /* ZipWriteStream.h */,
				E93BAC3C14599D8E000FBC0D /* ZipWriteStream.m */,
				E93BAC3D14599D8E000FBC0D /* ZipFileInfo.h */,
				E93BAC3E14599D8E000FBC0D /* ZipFileInfo.m */,
				E93BAC3F14599D8E000FBC0D /* ZipReadStream.h */,
				E93BAC4014599D8E000FBC0D /* ZipReadStream.m */,
				E93BAC4114599D8E000FBC0D /* Objective-Zip.h */,
			);
			name = "Objective-Zip";
			path = "Dependencies/Objective-Zip";
			sourceTree = "<group>";
		};
		E93BAC3814599D8E000FBC0D /* MiniZip */ = {
			isa = PBXGroup;
			children = (
				E93BAC4214599D8E000FBC0D /* crypt.h */,
				E93BAC4314599D8E000FBC0D /* ioapi.c */,
				E93BAC4414599D8E000FBC0D /* ioapi.h */,
				E93BAC4514599D8E000FBC0D /* mztools.c */,
				E93BAC4614599D8E000FBC0D /* mztools.h */,
				E93BAC4714599D8E000FBC0D /* unzip.c */,
				E93BAC4814599D8E000FBC0D /* unzip.h */,
				E93BAC4914599D8E000FBC0D /* zip.c */,
				E93BAC4A14599D8E000FBC0D /* zip.h */,
			);
			name = MiniZip;
			path = "Dependencies/Objective-Zip";
			sourceTree = "<group>";
		};
		E93BAC6514599DBF000FBC0D /* UIDevice+Extension */ = {
			isa = PBXGroup;
			children = (
				E93BAC6914599E2A000FBC0D /* UIDevice-Hardware.h */,
				E93BAC6614599DEF000FBC0D /* UIDevice-Hardware.m */,
			);
			name = "UIDevice+Extension";
			sourceTree = "<group>";
		};
		E93BAC7C1459AB0B000FBC0D /* Sources */ = {
			isa = PBXGroup;
			children = (
				E93BAC7D1459AB0B000FBC0D /* Foundation */,
				E93BAC7F1459AB0B000FBC0D /* UIKit */,
			);
			path = Sources;
			sourceTree = "<group>";
		};
		E93BAC7D1459AB0B000FBC0D /* Foundation */ = {
			isa = PBXGroup;
			children = (
				E9850D44145AB561001F7074 /* NSString+PKCopyDirectoryTest.m */,
				E93BAC7E1459AB0B000FBC0D /* NSString+PKMD5Test.m */,
			);
			path = Foundation;
			sourceTree = "<group>";
		};
		E93BAC7F1459AB0B000FBC0D /* UIKit */ = {
			isa = PBXGroup;
			children = (
				E93BAC801459AB0B000FBC0D /* UIDevice+PKUniqueIdentifier.m */,
			);
			path = UIKit;
			sourceTree = "<group>";
		};
		E9470F7E1459971200E02867 = {
			isa = PBXGroup;
			children = (
				E9470FF914599A7300E02867 /* Dependencies */,
				E9470F8E1459971200E02867 /* Sources */,
				E9470F8F1459971200E02867 /* Supporting Files */,
				E9470FA21459971200E02867 /* PKToolboxTests */,
				E9470F8B1459971200E02867 /* Frameworks */,
				E9470F8A1459971200E02867 /* Products */,
			);
			sourceTree = "<group>";
		};
		E9470F8A1459971200E02867 /* Products */ = {
			isa = PBXGroup;
			children = (
				E9470F891459971200E02867 /* libPKToolbox.a */,
				E9470F991459971200E02867 /* PKToolboxTests.octest */,
			);
			name = Products;
			sourceTree = "<group>";
		};
		E9470F8B1459971200E02867 /* Frameworks */ = {
			isa = PBXGroup;
			children = (
				E9520D711459AE7C00BFA0F7 /* libz.dylib */,
				E93BAC791459A3F4000FBC0D /* OCHamcrestIOS.framework */,
				E9470FE01459994500E02867 /* UIKit.framework */,
				E9470F8C1459971200E02867 /* Foundation.framework */,
				E9470F9A1459971200E02867 /* SenTestingKit.framework */,
			);
			name = Frameworks;
			sourceTree = "<group>";
		};
		E9470F8E1459971200E02867 /* Sources */ = {
			isa = PBXGroup;
			children = (
				E9470FB8145997DD00E02867 /* Foundation */,
				E9470FBE145997DD00E02867 /* UIKit */,
			);
			name = Sources;
			path = PKToolbox;
			sourceTree = "<group>";
		};
		E9470F8F1459971200E02867 /* Supporting Files */ = {
			isa = PBXGroup;
			children = (
				E9470F901459971200E02867 /* PKToolbox-Prefix.pch */,
			);
			name = "Supporting Files";
			path = PKToolbox;
			sourceTree = "<group>";
		};
		E9470FA21459971200E02867 /* PKToolboxTests */ = {
			isa = PBXGroup;
			children = (
				E9850D4C145ABD28001F7074 /* Fixtures */,
				E93BAC7C1459AB0B000FBC0D /* Sources */,
				E9470FA31459971200E02867 /* Supporting Files */,
			);
			path = PKToolboxTests;
			sourceTree = "<group>";
		};
		E9470FA31459971200E02867 /* Supporting Files */ = {
			isa = PBXGroup;
			children = (
				E93BAC751459A083000FBC0D /* PKToolboxTests-Prefix.pch */,
				E9470FA41459971200E02867 /* PKToolboxTests-Info.plist */,
				E9470FA51459971200E02867 /* InfoPlist.strings */,
			);
			name = "Supporting Files";
			sourceTree = "<group>";
		};
		E9470FB8145997DD00E02867 /* Foundation */ = {
			isa = PBXGroup;
			children = (
				E96B5150149B8F6A003D0AEA /* NSDate+PKStandardFormats.h */,
				E96B5151149B8F6A003D0AEA /* NSDate+PKStandardFormats.m */,
				E96B5152149B8F6A003D0AEA /* NSDateFormatter+PKStandardFormats.h */,
				E96B5153149B8F6A003D0AEA /* NSDateFormatter+PKStandardFormats.m */,
				E9850D47145AB579001F7074 /* NSFileManager+PKCopyDirectory.m */,
				E9850D48145AB579001F7074 /* NSFileManager+PKCopyDirectory.h */,
				E9470FB9145997DD00E02867 /* NSString+PKMD5.h */,
				E9470FBA145997DD00E02867 /* NSString+PKMD5.m */,
				E9470FBB145997DD00E02867 /* PKZipUnarchiver.h */,
				E9470FBC145997DD00E02867 /* PKZipUnarchiver.m */,
				E936937D156A72F50042A072 /* NSString+PKUUID.h */,
				E936937E156A72F50042A072 /* NSString+PKUUID.m */,
			);
			name = Foundation;
			path = Sources/Foundation;
			sourceTree = "<group>";
		};
		E9470FBE145997DD00E02867 /* UIKit */ = {
			isa = PBXGroup;
			children = (
				E9470FBF145997DD00E02867 /* PKMultiButtonBarButtonItem.h */,
				E9470FC0145997DD00E02867 /* PKMultiButtonBarButtonItem.m */,
				E9470FC1145997DD00E02867 /* PKNavigationItem.h */,
				E9470FC2145997DD00E02867 /* PKNavigationItem.m */,
				E9470FC3145997DD00E02867 /* PKTextFieldTableViewCell.h */,
				E9470FC4145997DD00E02867 /* PKTextFieldTableViewCell.m */,
				E9470FC5145997DD00E02867 /* PKWebBrowserController.h */,
				E9470FC6145997DD00E02867 /* PKWebBrowserController.m */,
				E9470FC7145997DD00E02867 /* UIDevice+PKUniqueIdentifier.h */,
				E9470FC8145997DD00E02867 /* UIDevice+PKUniqueIdentifier.m */,
			);
			name = UIKit;
			path = Sources/UIKit;
			sourceTree = "<group>";
		};
		E9470FF914599A7300E02867 /* Dependencies */ = {
			isa = PBXGroup;
			children = (
				E93BAC6514599DBF000FBC0D /* UIDevice+Extension */,
				E93BAC3714599D8E000FBC0D /* Objective-Zip */,
				E93BAC3814599D8E000FBC0D /* MiniZip */,
			);
			name = Dependencies;
			sourceTree = "<group>";
		};
/* End PBXGroup section */

/* Begin PBXHeadersBuildPhase section */
		E9470F871459971200E02867 /* Headers */ = {
			isa = PBXHeadersBuildPhase;
			buildActionMask = 2147483647;
			files = (
				E9470FC9145997DD00E02867 /* NSString+PKMD5.h in Headers */,
				E9470FDD145997DD00E02867 /* UIDevice+PKUniqueIdentifier.h in Headers */,
				E9470FCC145997DD00E02867 /* PKZipUnarchiver.h in Headers */,
				E9470FD1145997DD00E02867 /* PKMultiButtonBarButtonItem.h in Headers */,
				E9470FD4145997DD00E02867 /* PKNavigationItem.h in Headers */,
				E9470FD7145997DD00E02867 /* PKTextFieldTableViewCell.h in Headers */,
				E9470FDA145997DD00E02867 /* PKWebBrowserController.h in Headers */,
				E93BAC4B14599D8E000FBC0D /* ZipFile.h in Headers */,
				E93BAC4E14599D8E000FBC0D /* ZipWriteStream.h in Headers */,
				E93BAC5114599D8E000FBC0D /* ZipFileInfo.h in Headers */,
				E93BAC5414599D8E000FBC0D /* ZipReadStream.h in Headers */,
				E93BAC5714599D8E000FBC0D /* Objective-Zip.h in Headers */,
				E93BAC5814599D8E000FBC0D /* crypt.h in Headers */,
				E93BAC5B14599D8E000FBC0D /* ioapi.h in Headers */,
				E93BAC5E14599D8E000FBC0D /* mztools.h in Headers */,
				E93BAC6114599D8E000FBC0D /* unzip.h in Headers */,
				E93BAC6414599D8E000FBC0D /* zip.h in Headers */,
				E93BAC6A14599E2A000FBC0D /* UIDevice-Hardware.h in Headers */,
				E93BAC761459A083000FBC0D /* PKToolboxTests-Prefix.pch in Headers */,
				E9850D4B145AB579001F7074 /* NSFileManager+PKCopyDirectory.h in Headers */,
				E96B5154149B8F6A003D0AEA /* NSDate+PKStandardFormats.h in Headers */,
				E96B5157149B8F6A003D0AEA /* NSDateFormatter+PKStandardFormats.h in Headers */,
				E936937F156A72F50042A072 /* NSString+PKUUID.h in Headers */,
			);
			runOnlyForDeploymentPostprocessing = 0;
		};
/* End PBXHeadersBuildPhase section */

/* Begin PBXNativeTarget section */
		E9470F881459971200E02867 /* PKToolbox */ = {
			isa = PBXNativeTarget;
			buildConfigurationList = E9470FAD1459971200E02867 /* Build configuration list for PBXNativeTarget "PKToolbox" */;
			buildPhases = (
				E9470F851459971200E02867 /* Sources */,
				E9470F861459971200E02867 /* Frameworks */,
				E9470F871459971200E02867 /* Headers */,
			);
			buildRules = (
			);
			dependencies = (
			);
			name = PKToolbox;
			productName = PKToolbox;
			productReference = E9470F891459971200E02867 /* libPKToolbox.a */;
			productType = "com.apple.product-type.library.static";
		};
		E9470F981459971200E02867 /* PKToolboxTests */ = {
			isa = PBXNativeTarget;
			buildConfigurationList = E9470FB01459971200E02867 /* Build configuration list for PBXNativeTarget "PKToolboxTests" */;
			buildPhases = (
				E9470F941459971200E02867 /* Sources */,
				E9470F951459971200E02867 /* Frameworks */,
				E9470F961459971200E02867 /* Resources */,
				E9470F971459971200E02867 /* ShellScript */,
			);
			buildRules = (
			);
			dependencies = (
				E9470FA01459971200E02867 /* PBXTargetDependency */,
			);
			name = PKToolboxTests;
			productName = PKToolboxTests;
			productReference = E9470F991459971200E02867 /* PKToolboxTests.octest */;
			productType = "com.apple.product-type.bundle";
		};
/* End PBXNativeTarget section */

/* Begin PBXProject section */
		E9470F801459971200E02867 /* Project object */ = {
			isa = PBXProject;
			attributes = {
				LastUpgradeCheck = 0420;
				ORGANIZATIONNAME = "Fry-it, Limited";
			};
			buildConfigurationList = E9470F831459971200E02867 /* Build configuration list for PBXProject "PKToolbox" */;
			compatibilityVersion = "Xcode 3.2";
			developmentRegion = English;
			hasScannedForEncodings = 0;
			knownRegions = (
				en,
			);
			mainGroup = E9470F7E1459971200E02867;
			productRefGroup = E9470F8A1459971200E02867 /* Products */;
			projectDirPath = "";
			projectRoot = "";
			targets = (
				E9470F881459971200E02867 /* PKToolbox */,
				E9470F981459971200E02867 /* PKToolboxTests */,
			);
		};
/* End PBXProject section */

/* Begin PBXResourcesBuildPhase section */
		E9470F961459971200E02867 /* Resources */ = {
			isa = PBXResourcesBuildPhase;
			buildActionMask = 2147483647;
			files = (
				E9470FA71459971200E02867 /* InfoPlist.strings in Resources */,
				E9850D4D145ABD28001F7074 /* Fixtures in Resources */,
			);
			runOnlyForDeploymentPostprocessing = 0;
		};
/* End PBXResourcesBuildPhase section */

/* Begin PBXShellScriptBuildPhase section */
		E9470F971459971200E02867 /* ShellScript */ = {
			isa = PBXShellScriptBuildPhase;
			buildActionMask = 2147483647;
			files = (
			);
			inputPaths = (
			);
			outputPaths = (
			);
			runOnlyForDeploymentPostprocessing = 0;
			shellPath = /bin/sh;
			shellScript = "# Run the unit tests in this test bundle.\n\"${SYSTEM_DEVELOPER_DIR}/Tools/RunUnitTests\"\n";
		};
/* End PBXShellScriptBuildPhase section */

/* Begin PBXSourcesBuildPhase section */
		E9470F851459971200E02867 /* Sources */ = {
			isa = PBXSourcesBuildPhase;
			buildActionMask = 2147483647;
			files = (
				E9470FCA145997DD00E02867 /* NSString+PKMD5.m in Sources */,
				E9470FCD145997DD00E02867 /* PKZipUnarchiver.m in Sources */,
				E9470FD2145997DD00E02867 /* PKMultiButtonBarButtonItem.m in Sources */,
				E9470FD5145997DD00E02867 /* PKNavigationItem.m in Sources */,
				E9470FD8145997DD00E02867 /* PKTextFieldTableViewCell.m in Sources */,
				E9470FDB145997DD00E02867 /* PKWebBrowserController.m in Sources */,
				E9470FDE145997DD00E02867 /* UIDevice+PKUniqueIdentifier.m in Sources */,
				E93BAC4C14599D8E000FBC0D /* ZipFile.m in Sources */,
				E93BAC4F14599D8E000FBC0D /* ZipWriteStream.m in Sources */,
				E93BAC5214599D8E000FBC0D /* ZipFileInfo.m in Sources */,
				E93BAC5514599D8E000FBC0D /* ZipReadStream.m in Sources */,
				E93BAC5914599D8E000FBC0D /* ioapi.c in Sources */,
				E93BAC5C14599D8E000FBC0D /* mztools.c in Sources */,
				E93BAC5F14599D8E000FBC0D /* unzip.c in Sources */,
				E93BAC6214599D8E000FBC0D /* zip.c in Sources */,
				E93BAC6714599DEF000FBC0D /* UIDevice-Hardware.m in Sources */,
				E9850D49145AB579001F7074 /* NSFileManager+PKCopyDirectory.m in Sources */,
				E96B5155149B8F6A003D0AEA /* NSDate+PKStandardFormats.m in Sources */,
				E96B5158149B8F6A003D0AEA /* NSDateFormatter+PKStandardFormats.m in Sources */,
				E9369380156A72F50042A072 /* NSString+PKUUID.m in Sources */,
			);
			runOnlyForDeploymentPostprocessing = 0;
		};
		E9470F941459971200E02867 /* Sources */ = {
			isa = PBXSourcesBuildPhase;
			buildActionMask = 2147483647;
			files = (
				E93BAC811459AB0B000FBC0D /* NSString+PKMD5Test.m in Sources */,
				E93BAC821459AB0B000FBC0D /* UIDevice+PKUniqueIdentifier.m in Sources */,
				E9520D5E1459AC9700BFA0F7 /* NSString+PKMD5.m in Sources */,
				E9520D641459AC9700BFA0F7 /* UIDevice+PKUniqueIdentifier.m in Sources */,
				E9520D661459ACF600BFA0F7 /* UIDevice-Hardware.m in Sources */,
				E9520D6B1459AD0C00BFA0F7 /* ioapi.c in Sources */,
				E9520D6C1459AD0C00BFA0F7 /* mztools.c in Sources */,
				E9520D6D1459AD0C00BFA0F7 /* unzip.c in Sources */,
				E9520D6E1459AD0C00BFA0F7 /* zip.c in Sources */,
				E9850D45145AB561001F7074 /* NSString+PKCopyDirectoryTest.m in Sources */,
				E9850D4A145AB579001F7074 /* NSFileManager+PKCopyDirectory.m in Sources */,
				E96B5156149B8F6A003D0AEA /* NSDate+PKStandardFormats.m in Sources */,
				E96B5159149B8F6A003D0AEA /* NSDateFormatter+PKStandardFormats.m in Sources */,
			);
			runOnlyForDeploymentPostprocessing = 0;
		};
/* End PBXSourcesBuildPhase section */

/* Begin PBXTargetDependency section */
		E9470FA01459971200E02867 /* PBXTargetDependency */ = {
			isa = PBXTargetDependency;
			target = E9470F881459971200E02867 /* PKToolbox */;
			targetProxy = E9470F9F1459971200E02867 /* PBXContainerItemProxy */;
		};
/* End PBXTargetDependency section */

/* Begin PBXVariantGroup section */
		E9470FA51459971200E02867 /* InfoPlist.strings */ = {
			isa = PBXVariantGroup;
			children = (
				E9470FA61459971200E02867 /* en */,
			);
			name = InfoPlist.strings;
			sourceTree = "<group>";
		};
/* End PBXVariantGroup section */

/* Begin XCBuildConfiguration section */
		E9470FAB1459971200E02867 /* Debug */ = {
			isa = XCBuildConfiguration;
			buildSettings = {
				ALWAYS_SEARCH_USER_PATHS = NO;
				ARCHS = "$(ARCHS_STANDARD_32_BIT)";
				COPY_PHASE_STRIP = NO;
				GCC_C_LANGUAGE_STANDARD = gnu99;
				GCC_DYNAMIC_NO_PIC = NO;
				GCC_OPTIMIZATION_LEVEL = 0;
				GCC_PREPROCESSOR_DEFINITIONS = (
					"DEBUG=1",
					"$(inherited)",
				);
				GCC_SYMBOLS_PRIVATE_EXTERN = NO;
				GCC_VERSION = com.apple.compilers.llvm.clang.1_0;
				GCC_WARN_ABOUT_MISSING_PROTOTYPES = YES;
				GCC_WARN_ABOUT_RETURN_TYPE = YES;
				GCC_WARN_UNUSED_VARIABLE = YES;
				IPHONEOS_DEPLOYMENT_TARGET = 4.0;
				SDKROOT = iphoneos;
			};
			name = Debug;
		};
		E9470FAC1459971200E02867 /* Release */ = {
			isa = XCBuildConfiguration;
			buildSettings = {
				ALWAYS_SEARCH_USER_PATHS = NO;
				ARCHS = "$(ARCHS_STANDARD_32_BIT)";
				COPY_PHASE_STRIP = YES;
				GCC_C_LANGUAGE_STANDARD = gnu99;
				GCC_VERSION = com.apple.compilers.llvm.clang.1_0;
				GCC_WARN_ABOUT_MISSING_PROTOTYPES = YES;
				GCC_WARN_ABOUT_RETURN_TYPE = YES;
				GCC_WARN_UNUSED_VARIABLE = YES;
				IPHONEOS_DEPLOYMENT_TARGET = 4.0;
				SDKROOT = iphoneos;
				VALIDATE_PRODUCT = YES;
			};
			name = Release;
		};
		E9470FAE1459971200E02867 /* Debug */ = {
			isa = XCBuildConfiguration;
			buildSettings = {
				DSTROOT = /tmp/PKToolbox.dst;
				GCC_PRECOMPILE_PREFIX_HEADER = YES;
				GCC_PREFIX_HEADER = "PKToolbox/PKToolbox-Prefix.pch";
				INSTALL_PATH = "$(BUILT_PRODUCTS_DIR)";
				OTHER_LDFLAGS = "-ObjC";
				PRODUCT_NAME = "$(TARGET_NAME)";
				PUBLIC_HEADERS_FOLDER_PATH = PKToolbox;
				SKIP_INSTALL = YES;
			};
			name = Debug;
		};
		E9470FAF1459971200E02867 /* Release */ = {
			isa = XCBuildConfiguration;
			buildSettings = {
				DSTROOT = /tmp/PKToolbox.dst;
				GCC_PRECOMPILE_PREFIX_HEADER = YES;
				GCC_PREFIX_HEADER = "PKToolbox/PKToolbox-Prefix.pch";
				INSTALL_PATH = "$(BUILT_PRODUCTS_DIR)";
				OTHER_LDFLAGS = "-ObjC";
				PRODUCT_NAME = "$(TARGET_NAME)";
				PUBLIC_HEADERS_FOLDER_PATH = PKToolbox;
				SKIP_INSTALL = YES;
			};
			name = Release;
		};
		E9470FB11459971200E02867 /* Debug */ = {
			isa = XCBuildConfiguration;
			buildSettings = {
				FRAMEWORK_SEARCH_PATHS = (
					"$(SDKROOT)/Developer/Library/Frameworks",
					"$(DEVELOPER_LIBRARY_DIR)/Frameworks",
					"\"$(SRCROOT)/PKToolboxTests/Vendor\"",
				);
				GCC_PRECOMPILE_PREFIX_HEADER = YES;
				GCC_PREFIX_HEADER = "PKToolboxTests/PKToolboxTests-Prefix.pch";
				INFOPLIST_FILE = "PKToolboxTests/PKToolboxTests-Info.plist";
				OTHER_LDFLAGS = (
					"-ObjC",
					"-lstdc++",
				);
				PRODUCT_NAME = "$(TARGET_NAME)";
				WRAPPER_EXTENSION = octest;
			};
			name = Debug;
		};
		E9470FB21459971200E02867 /* Release */ = {
			isa = XCBuildConfiguration;
			buildSettings = {
				FRAMEWORK_SEARCH_PATHS = (
					"$(SDKROOT)/Developer/Library/Frameworks",
					"$(DEVELOPER_LIBRARY_DIR)/Frameworks",
					"\"$(SRCROOT)/PKToolboxTests/Vendor\"",
				);
				GCC_PRECOMPILE_PREFIX_HEADER = YES;
				GCC_PREFIX_HEADER = "PKToolboxTests/PKToolboxTests-Prefix.pch";
				INFOPLIST_FILE = "PKToolboxTests/PKToolboxTests-Info.plist";
				OTHER_LDFLAGS = (
					"-ObjC",
					"-lstdc++",
				);
				PRODUCT_NAME = "$(TARGET_NAME)";
				WRAPPER_EXTENSION = octest;
			};
			name = Release;
		};
/* End XCBuildConfiguration section */

/* Begin XCConfigurationList section */
		E9470F831459971200E02867 /* Build configuration list for PBXProject "PKToolbox" */ = {
			isa = XCConfigurationList;
			buildConfigurations = (
				E9470FAB1459971200E02867 /* Debug */,
				E9470FAC1459971200E02867 /* Release */,
			);
			defaultConfigurationIsVisible = 0;
			defaultConfigurationName = Release;
		};
		E9470FAD1459971200E02867 /* Build configuration list for PBXNativeTarget "PKToolbox" */ = {
			isa = XCConfigurationList;
			buildConfigurations = (
				E9470FAE1459971200E02867 /* Debug */,
				E9470FAF1459971200E02867 /* Release */,
			);
			defaultConfigurationIsVisible = 0;
			defaultConfigurationName = Release;
		};
		E9470FB01459971200E02867 /* Build configuration list for PBXNativeTarget "PKToolboxTests" */ = {
			isa = XCConfigurationList;
			buildConfigurations = (
				E9470FB11459971200E02867 /* Debug */,
				E9470FB21459971200E02867 /* Release */,
			);
			defaultConfigurationIsVisible = 0;
			defaultConfigurationName = Release;
		};
/* End XCConfigurationList section */
	};
	rootObject = E9470F801459971200E02867 /* Project object */;
}
