<?xml version="1.0" encoding="UTF-8"?>
<Scheme
   LastUpgradeVersion = "0600"
   version = "1.3">
   <BuildAction
      parallelizeBuildables = "YES"
      buildImplicitDependencies = "YES">
      <BuildActionEntries>
         <BuildActionEntry
            buildForTesting = "YES"
            buildForRunning = "YES"
            buildForProfiling = "YES"
            buildForArchiving = "YES"
            buildForAnalyzing = "YES">
            <BuildableReference
               BuildableIdentifier = "primary"
               BlueprintIdentifier = "E964917318280B3300371714"
               BuildableName = "libPKToolbox.a"
               BlueprintName = "PKToolbox"
               ReferencedContainer = "container:PKToolbox.xcodeproj">
            </BuildableReference>
         </BuildActionEntry>
      </BuildActionEntries>
   </BuildAction>
   <TestAction
      selectedDebuggerIdentifier = "Xcode.DebuggerFoundation.Debugger.LLDB"
      selectedLauncherIdentifier = "Xcode.DebuggerFoundation.Launcher.LLDB"
      shouldUseLaunchSchemeArgsEnv = "YES"
      buildConfiguration = "Debug">
      <Testables>
         <TestableReference
            skipped = "NO">
            <BuildableReference
               BuildableIdentifier = "primary"
               BlueprintIdentifier = "E964918018280B3300371714"
               BuildableName = "PKToolboxTests.xctest"
               BlueprintName = "PKToolboxTests"
               ReferencedContainer = "container:PKToolbox.xcodeproj">
            </BuildableReference>
            <SkippedTests>
               <Test
                  Identifier = "NSString_PKAdditionsSpecSpec">
               </Test>
               <Test
                  Identifier = "PKDurationFormatterSpecSpec">
               </Test>
               <Test
                  Identifier = "PKErrorSpec">
               </Test>
               <Test
                  Identifier = "PKGCDTimerSpecsSpec">
               </Test>
               <Test
                  Identifier = "PKMacrosSpecsSpec">
               </Test>
               <Test
                  Identifier = "PKManagedObjectContextSpecSpec">
               </Test>
               <Test
                  Identifier = "PKPersistentStackSpecsSpec">
               </Test>
               <Test
                  Identifier = "UIColor_PKAdditionsSpecSpec">
               </Test>
            </SkippedTests>
         </TestableReference>
      </Testables>
      <MacroExpansion>
         <BuildableReference
            BuildableIdentifier = "primary"
            BlueprintIdentifier = "E964917318280B3300371714"
            BuildableName = "libPKToolbox.a"
            BlueprintName = "PKToolbox"
            ReferencedContainer = "container:PKToolbox.xcodeproj">
         </BuildableReference>
      </MacroExpansion>
   </TestAction>
   <LaunchAction
      selectedDebuggerIdentifier = "Xcode.DebuggerFoundation.Debugger.LLDB"
      selectedLauncherIdentifier = "Xcode.DebuggerFoundation.Launcher.LLDB"
      launchStyle = "0"
      useCustomWorkingDirectory = "NO"
      buildConfiguration = "Debug"
      ignoresPersistentStateOnLaunch = "NO"
      debugDocumentVersioning = "YES"
      allowLocationSimulation = "YES">
      <MacroExpansion>
         <BuildableReference
            BuildableIdentifier = "primary"
            BlueprintIdentifier = "E964917318280B3300371714"
            BuildableName = "libPKToolbox.a"
            BlueprintName = "PKToolbox"
            ReferencedContainer = "container:PKToolbox.xcodeproj">
         </BuildableReference>
      </MacroExpansion>
      <AdditionalOptions>
         <AdditionalOption
            key = "DYLD_INSERT_LIBRARIES"
            value = "/usr/lib/libgmalloc.dylib"
            isEnabled = "YES">
         </AdditionalOption>
         <AdditionalOption
            key = "NSZombieEnabled"
            value = "YES"
            isEnabled = "YES">
         </AdditionalOption>
      </AdditionalOptions>
   </LaunchAction>
   <ProfileAction
      shouldUseLaunchSchemeArgsEnv = "YES"
      savedToolIdentifier = ""
      useCustomWorkingDirectory = "NO"
      buildConfiguration = "Release"
      debugDocumentVersioning = "YES">
      <MacroExpansion>
         <BuildableReference
            BuildableIdentifier = "primary"
            BlueprintIdentifier = "E964917318280B3300371714"
            BuildableName = "libPKToolbox.a"
            BlueprintName = "PKToolbox"
            ReferencedContainer = "container:PKToolbox.xcodeproj">
         </BuildableReference>
      </MacroExpansion>
   </ProfileAction>
   <AnalyzeAction
      buildConfiguration = "Debug">
   </AnalyzeAction>
   <ArchiveAction
      buildConfiguration = "Release"
      revealArchiveInOrganizer = "YES">
   </ArchiveAction>
</Scheme>
